{
  "name": "heroiclands-site",
  "version": "0.0.0",
  "lockfileVersion": 3,
  "requires": true,
  "packages": {
    "": {
      "name": "heroiclands-site",
      "version": "0.0.0",
      "license": "GPL-3.0-or-later",
      "devDependencies": {
        "@heroiclands/hugo-theme": "^0.1.1"
      },
      "engines": {
        "node": ">=24.0.0"
      }
    },
    "node_modules/@heroiclands/hugo-theme": {
      "version": "0.1.1",
      "resolved": "https://registry.npmjs.org/@heroiclands/hugo-theme/-/hugo-theme-0.1.1.tgz",
      "integrity": "sha512-fj0xIz0HujvYyfaz/A9OqBVKJK+AFQ7mTr7emVb6jnWT2YjcwfslHb2a+rVC7TcaJfRS35SadpmHMxCkP/zYzA==",
      "dev": true,
      "license": "GPL-3.0-or-later",
      "engines": {
        "node": ">=24.0.0"
      }
    }
  }
}
