{
  "name": "heroiclands-site",
  "version": "0.0.0",
  "lockfileVersion": 3,
  "requires": true,
  "packages": {
    "": {
      "name": "heroiclands-site",
      "version": "0.0.0",
      "license": "GPL-3.0-or-later",
      "devDependencies": {
        "@heroiclands/hugo-theme": "^0.9.2"
      },
      "engines": {
        "node": ">=24.0.0"
      }
    },
    "node_modules/@heroiclands/hugo-theme": {
      "version": "0.9.2",
      "resolved": "https://registry.npmjs.org/@heroiclands/hugo-theme/-/hugo-theme-0.9.2.tgz",
      "integrity": "sha512-kHr9Zw0F4eIy1rpw5UGui+G47ih19pBRGmBWNmxMkAlBm5Zvz5Ftn+6OI3xLtYmoi6iPu0VL9QVgqgVuik3vdw==",
      "dev": true,
      "license": "GPL-3.0-or-later",
      "engines": {
        "node": ">=24.0.0"
      }
    }
  }
}
