{
  "name": "heroiclands-site",
  "version": "0.0.0",
  "lockfileVersion": 3,
  "requires": true,
  "packages": {
    "": {
      "name": "heroiclands-site",
      "version": "0.0.0",
      "license": "GPL-3.0-or-later",
      "devDependencies": {
        "@heroiclands/hugo-theme": "^0.1.2"
      },
      "engines": {
        "node": ">=24.0.0"
      }
    },
    "node_modules/@heroiclands/hugo-theme": {
      "version": "0.1.2",
      "resolved": "https://registry.npmjs.org/@heroiclands/hugo-theme/-/hugo-theme-0.1.2.tgz",
      "integrity": "sha512-rBJQrQh6NtzYum3Gr5N9HLEpARHnsWZd3xI7ftx4K7va4o8aenvWESSPoOkeoEt6cPpZkopVFL2qnB37XVxP6A==",
      "dev": true,
      "license": "GPL-3.0-or-later",
      "engines": {
        "node": ">=24.0.0"
      }
    }
  }
}
